{
  "name": "avina-licensing-server",
  "version": "0.1.0",
  "lockfileVersion": 3,
  "requires": true,
  "packages": {
    "": {
      "name": "avina-licensing-server",
      "version": "0.1.0",
      "dependencies": {
        "@node-rs/argon2": "2.2.1",
        "pg": "8.23.0"
      },
      "engines": {
        "node": ">=22.13.0"
      }
    },
    "node_modules/@node-rs/argon2": {
      "version": "2.2.1",
      "resolved": "https://registry.npmjs.org/@node-rs/argon2/-/argon2-2.2.1.tgz",
      "integrity": "sha512-miqgmDcvOoAxCf0H3iW2nSd09FFO15geUU30yRNEr2XVXYreErwxAOm1rAKHxNDdjcySA+UTDGMXOWtvFJ3hXQ==",
      "license": "MIT",
      "engines": {
        "node": ">= 10"
      },
      "optionalDependencies": {
        "@node-rs/argon2-android-arm-eabi": "2.2.1",
        "@node-rs/argon2-android-arm64": "2.2.1",
        "@node-rs/argon2-darwin-arm64": "2.2.1",
        "@node-rs/argon2-darwin-x64": "2.2.1",
        "@node-rs/argon2-freebsd-x64": "2.2.1",
        "@node-rs/argon2-linux-arm-gnueabihf": "2.2.1",
        "@node-rs/argon2-linux-arm64-gnu": "2.2.1",
        "@node-rs/argon2-linux-arm64-musl": "2.2.1",
        "@node-rs/argon2-linux-x64-gnu": "2.2.1",
        "@node-rs/argon2-linux-x64-musl": "2.2.1",
        "@node-rs/argon2-win32-arm64-msvc": "2.2.1",
        "@node-rs/argon2-win32-ia32-msvc": "2.2.1",
        "@node-rs/argon2-win32-x64-msvc": "2.2.1"
      }
    },
    "node_modules/@node-rs/argon2-android-arm-eabi": {
      "version": "2.2.1",
      "resolved": "https://registry.npmjs.org/@node-rs/argon2-android-arm-eabi/-/argon2-android-arm-eabi-2.2.1.tgz",
      "integrity": "sha512-tvHjNf7XkLsuDKb6VhNZekA/Wq2Qf0yxygxQYWYcUUCawgg3QRDeXMBYa6QVQPHp1fpDXk42euRjVpHmQ5CwFQ==",
      "cpu": [
        "arm"
      ],
      "license": "MIT",
      "optional": true,
      "os": [
        "android"
      ],
      "engines": {
        "node": ">= 10"
      }
    },
    "node_modules/@node-rs/argon2-android-arm64": {
      "version": "2.2.1",
      "resolved": "https://registry.npmjs.org/@node-rs/argon2-android-arm64/-/argon2-android-arm64-2.2.1.tgz",
      "integrity": "sha512-hbPJZIMNIBPysg6CFe2OcXyB3pv6hFED0bOPamFRhUon3T3PT7OBfQfbXxsBK2dklELbfQ0R/2497LkTTrZRLw==",
      "cpu": [
        "arm64"
      ],
      "license": "MIT",
      "optional": true,
      "os": [
        "android"
      ],
      "engines": {
        "node": ">= 10"
      }
    },
    "node_modules/@node-rs/argon2-darwin-arm64": {
      "version": "2.2.1",
      "resolved": "https://registry.npmjs.org/@node-rs/argon2-darwin-arm64/-/argon2-darwin-arm64-2.2.1.tgz",
      "integrity": "sha512-aJWtws4QUJX47NPnOr7j8KnxUtBESV3qPXijqw/vV7cZdMbcI4sKeHmH23ER2vpgALzXLhO53Lno3wkP7Xgl6g==",
      "cpu": [
        "arm64"
      ],
      "license": "MIT",
      "optional": true,
      "os": [
        "darwin"
      ],
      "engines": {
        "node": ">= 10"
      }
    },
    "node_modules/@node-rs/argon2-darwin-x64": {
      "version": "2.2.1",
      "resolved": "https://registry.npmjs.org/@node-rs/argon2-darwin-x64/-/argon2-darwin-x64-2.2.1.tgz",
      "integrity": "sha512-RxXqM4SkH8VYNEnR82Pi1ADoWwc5HbBd0X8HFAHHLpr/iBpzvhwyl1ge6KaB4Ik7yUpzg/d2O8gYBxKGtZbmQg==",
      "cpu": [
        "x64"
      ],
      "license": "MIT",
      "optional": true,
      "os": [
        "darwin"
      ],
      "engines": {
        "node": ">= 10"
      }
    },
    "node_modules/@node-rs/argon2-freebsd-x64": {
      "version": "2.2.1",
      "resolved": "https://registry.npmjs.org/@node-rs/argon2-freebsd-x64/-/argon2-freebsd-x64-2.2.1.tgz",
      "integrity": "sha512-YxFKQJogkwhWSZbwAHhZIANOj8FytJgxaNzcTOAgWeEw2d6aobAoDWqsO1jw7QZfxLFb+q/uFAmd84TgCsyioQ==",
      "cpu": [
        "x64"
      ],
      "license": "MIT",
      "optional": true,
      "os": [
        "freebsd"
      ],
      "engines": {
        "node": ">= 10"
      }
    },
    "node_modules/@node-rs/argon2-linux-arm-gnueabihf": {
      "version": "2.2.1",
      "resolved": "https://registry.npmjs.org/@node-rs/argon2-linux-arm-gnueabihf/-/argon2-linux-arm-gnueabihf-2.2.1.tgz",
      "integrity": "sha512-gSORtjKCdokQ8bcDupKWw0ZpitKMkGnvxxOO9Y0sf6Nt7WDWF47YglZ87D4B35mSYTxiyer+BbZsoa2gGJr6zg==",
      "cpu": [
        "arm"
      ],
      "license": "MIT",
      "optional": true,
      "os": [
        "linux"
      ],
      "engines": {
        "node": ">= 10"
      }
    },
    "node_modules/@node-rs/argon2-linux-arm64-gnu": {
      "version": "2.2.1",
      "resolved": "https://registry.npmjs.org/@node-rs/argon2-linux-arm64-gnu/-/argon2-linux-arm64-gnu-2.2.1.tgz",
      "integrity": "sha512-1R1K1+9LC60sE24VFfu0+DvurMzZMgPMHODCr2b4aUSeB4ST5DgMHqy6nKMyxh3FDjy/xib6g/Ew0+B5O7nPHg==",
      "cpu": [
        "arm64"
      ],
      "license": "MIT",
      "optional": true,
      "os": [
        "linux"
      ],
      "engines": {
        "node": ">= 10"
      }
    },
    "node_modules/@node-rs/argon2-linux-arm64-musl": {
      "version": "2.2.1",
      "resolved": "https://registry.npmjs.org/@node-rs/argon2-linux-arm64-musl/-/argon2-linux-arm64-musl-2.2.1.tgz",
      "integrity": "sha512-OgSW61LB/xy+uLeSIWWZ817x7xg/P0UfmzS8KpiN73l5lD4Fx13aqQ3fv7pVirorL2vH9PYsX2fKEXlg66STlQ==",
      "cpu": [
        "arm64"
      ],
      "license": "MIT",
      "optional": true,
      "os": [
        "linux"
      ],
      "engines": {
        "node": ">= 10"
      }
    },
    "node_modules/@node-rs/argon2-linux-x64-gnu": {
      "version": "2.2.1",
      "resolved": "https://registry.npmjs.org/@node-rs/argon2-linux-x64-gnu/-/argon2-linux-x64-gnu-2.2.1.tgz",
      "integrity": "sha512-PIbG2WrqB84k2sdirnSXigFJvAemw0JkzZ/hOg6I9tO2GvhlY4P4z0NgmoRm7iKH+XTMo199src1Upm7RZwRAw==",
      "cpu": [
        "x64"
      ],
      "license": "MIT",
      "optional": true,
      "os": [
        "linux"
      ],
      "engines": {
        "node": ">= 10"
      }
    },
    "node_modules/@node-rs/argon2-linux-x64-musl": {
      "version": "2.2.1",
      "resolved": "https://registry.npmjs.org/@node-rs/argon2-linux-x64-musl/-/argon2-linux-x64-musl-2.2.1.tgz",
      "integrity": "sha512-atVrlz9vrkf6NvxoTgRTm6KeEBIooUGE4njBTVtJ3DAngOi+QKwOHL/VIhV5y2jE2d7lmuoOFnVSwHHKBzwTuQ==",
      "cpu": [
        "x64"
      ],
      "license": "MIT",
      "optional": true,
      "os": [
        "linux"
      ],
      "engines": {
        "node": ">= 10"
      }
    },
    "node_modules/@node-rs/argon2-win32-arm64-msvc": {
      "version": "2.2.1",
      "resolved": "https://registry.npmjs.org/@node-rs/argon2-win32-arm64-msvc/-/argon2-win32-arm64-msvc-2.2.1.tgz",
      "integrity": "sha512-vbPiOBa/mjSJ0md+bummYScLPmGOxY46A77pvm+sDxsKH7a04oWqfuRK+EXBc4iEXQh6NoA4MlFwQW79CM7+kA==",
      "cpu": [
        "arm64"
      ],
      "license": "MIT",
      "optional": true,
      "os": [
        "win32"
      ],
      "engines": {
        "node": ">= 10"
      }
    },
    "node_modules/@node-rs/argon2-win32-ia32-msvc": {
      "version": "2.2.1",
      "resolved": "https://registry.npmjs.org/@node-rs/argon2-win32-ia32-msvc/-/argon2-win32-ia32-msvc-2.2.1.tgz",
      "integrity": "sha512-e9ApHBN3MLmGwTFtKYJzm1VTra8bYkAZxwaK5J5y9ka4LDSpeWoyvMkfpVhRIg13k0Zr4XqGkl9XnALyxC2NtQ==",
      "cpu": [
        "ia32"
      ],
      "license": "MIT",
      "optional": true,
      "os": [
        "win32"
      ],
      "engines": {
        "node": ">= 10"
      }
    },
    "node_modules/@node-rs/argon2-win32-x64-msvc": {
      "version": "2.2.1",
      "resolved": "https://registry.npmjs.org/@node-rs/argon2-win32-x64-msvc/-/argon2-win32-x64-msvc-2.2.1.tgz",
      "integrity": "sha512-1iOOVP0KHp9pRyq7Qcg5cVFjSGGAsff6rYMgB6v98PM282v7OzuxgMpGPy7U3iPfFZb6IRh881SpoaKs+E1czQ==",
      "cpu": [
        "x64"
      ],
      "license": "MIT",
      "optional": true,
      "os": [
        "win32"
      ],
      "engines": {
        "node": ">= 10"
      }
    },
    "node_modules/pg": {
      "version": "8.23.0",
      "resolved": "https://registry.npmjs.org/pg/-/pg-8.23.0.tgz",
      "integrity": "sha512-Ip2EQCngowJLGOfCwkFhPXU7/ljlhn6Rxlmy4XYfL2Y+vyRM59+8uR2xqRWKdYmbXmxCFOAmKxBuSUCdF34qLg==",
      "license": "MIT",
      "dependencies": {
        "pg-connection-string": "^2.14.0",
        "pg-pool": "^3.14.0",
        "pg-protocol": "^1.16.0",
        "pg-types": "2.2.0",
        "pgpass": "1.0.5"
      },
      "engines": {
        "node": ">= 16.0.0"
      },
      "optionalDependencies": {
        "pg-cloudflare": "^1.4.0"
      },
      "peerDependencies": {
        "pg-native": ">=3.0.1"
      },
      "peerDependenciesMeta": {
        "pg-native": {
          "optional": true
        }
      }
    },
    "node_modules/pg-cloudflare": {
      "version": "1.4.0",
      "resolved": "https://registry.npmjs.org/pg-cloudflare/-/pg-cloudflare-1.4.0.tgz",
      "integrity": "sha512-Vo7z/6rrQYxpNRylp4Tlob2elzbh+N/MOQbxFVWCxS7oEx6jF53GTJFxK2WWpKuBRkmiin4Mt+xofFDjx09R0A==",
      "license": "MIT",
      "optional": true
    },
    "node_modules/pg-connection-string": {
      "version": "2.14.0",
      "resolved": "https://registry.npmjs.org/pg-connection-string/-/pg-connection-string-2.14.0.tgz",
      "integrity": "sha512-XwWDGcLRGCXAR8F/AM5bG7Q+A3Wm2s6QeEjlOKZLlH3UYcguiqCWKyWXVag5TLTIjR7oOJUY8kcADaZgWPyLeg==",
      "license": "MIT"
    },
    "node_modules/pg-int8": {
      "version": "1.0.1",
      "resolved": "https://registry.npmjs.org/pg-int8/-/pg-int8-1.0.1.tgz",
      "integrity": "sha512-WCtabS6t3c8SkpDBUlb1kjOs7l66xsGdKpIPZsg4wR+B3+u9UAum2odSsF9tnvxg80h4ZxLWMy4pRjOsFIqQpw==",
      "license": "ISC",
      "engines": {
        "node": ">=4.0.0"
      }
    },
    "node_modules/pg-pool": {
      "version": "3.14.0",
      "resolved": "https://registry.npmjs.org/pg-pool/-/pg-pool-3.14.0.tgz",
      "integrity": "sha512-gKtPkFdQPU3DksooVLi9LsjZxrsBUZIpa+7aVx+LV5pNh0KzP4Zleud2po+ConrxbuXGBJ6Hfer6hdgpIBpBaw==",
      "license": "MIT",
      "peerDependencies": {
        "pg": ">=8.0"
      }
    },
    "node_modules/pg-protocol": {
      "version": "1.16.0",
      "resolved": "https://registry.npmjs.org/pg-protocol/-/pg-protocol-1.16.0.tgz",
      "integrity": "sha512-sILXutLVjCLjcDuOmvhX5e2Z4cS5qG/6Bu3VkpFwdf/633ElGLpEh9bgmuI5I4sqKqkifQiGyiCcx1HdtrK7tg==",
      "license": "MIT"
    },
    "node_modules/pg-types": {
      "version": "2.2.0",
      "resolved": "https://registry.npmjs.org/pg-types/-/pg-types-2.2.0.tgz",
      "integrity": "sha512-qTAAlrEsl8s4OiEQY69wDvcMIdQN6wdz5ojQiOy6YRMuynxenON0O5oCpJI6lshc6scgAY8qvJ2On/p+CXY0GA==",
      "license": "MIT",
      "dependencies": {
        "pg-int8": "1.0.1",
        "postgres-array": "~2.0.0",
        "postgres-bytea": "~1.0.0",
        "postgres-date": "~1.0.4",
        "postgres-interval": "^1.1.0"
      },
      "engines": {
        "node": ">=4"
      }
    },
    "node_modules/pgpass": {
      "version": "1.0.5",
      "resolved": "https://registry.npmjs.org/pgpass/-/pgpass-1.0.5.tgz",
      "integrity": "sha512-FdW9r/jQZhSeohs1Z3sI1yxFQNFvMcnmfuj4WBMUTxOrAyLMaTcE1aAMBiTlbMNaXvBCQuVi0R7hd8udDSP7ug==",
      "license": "MIT",
      "dependencies": {
        "split2": "^4.1.0"
      }
    },
    "node_modules/postgres-array": {
      "version": "2.0.0",
      "resolved": "https://registry.npmjs.org/postgres-array/-/postgres-array-2.0.0.tgz",
      "integrity": "sha512-VpZrUqU5A69eQyW2c5CA1jtLecCsN2U/bD6VilrFDWq5+5UIEVO7nazS3TEcHf1zuPYO/sqGvUvW62g86RXZuA==",
      "license": "MIT",
      "engines": {
        "node": ">=4"
      }
    },
    "node_modules/postgres-bytea": {
      "version": "1.0.1",
      "resolved": "https://registry.npmjs.org/postgres-bytea/-/postgres-bytea-1.0.1.tgz",
      "integrity": "sha512-5+5HqXnsZPE65IJZSMkZtURARZelel2oXUEO8rH83VS/hxH5vv1uHquPg5wZs8yMAfdv971IU+kcPUczi7NVBQ==",
      "license": "MIT",
      "engines": {
        "node": ">=0.10.0"
      }
    },
    "node_modules/postgres-date": {
      "version": "1.0.7",
      "resolved": "https://registry.npmjs.org/postgres-date/-/postgres-date-1.0.7.tgz",
      "integrity": "sha512-suDmjLVQg78nMK2UZ454hAG+OAW+HQPZ6n++TNDUX+L0+uUlLywnoxJKDou51Zm+zTCjrCl0Nq6J9C5hP9vK/Q==",
      "license": "MIT",
      "engines": {
        "node": ">=0.10.0"
      }
    },
    "node_modules/postgres-interval": {
      "version": "1.2.0",
      "resolved": "https://registry.npmjs.org/postgres-interval/-/postgres-interval-1.2.0.tgz",
      "integrity": "sha512-9ZhXKM/rw350N1ovuWHbGxnGh/SNJ4cnxHiM0rxE4VN41wsg8P8zWn9hv/buK00RP4WvlOyr/RBDiptyxVbkZQ==",
      "license": "MIT",
      "dependencies": {
        "xtend": "^4.0.0"
      },
      "engines": {
        "node": ">=0.10.0"
      }
    },
    "node_modules/split2": {
      "version": "4.2.0",
      "resolved": "https://registry.npmjs.org/split2/-/split2-4.2.0.tgz",
      "integrity": "sha512-UcjcJOWknrNkF6PLX83qcHM6KHgVKNkV62Y8a5uYDVv9ydGQVwAHMKqHdJje1VTWpljG0WYpCDhrCdAOYH4TWg==",
      "license": "ISC",
      "engines": {
        "node": ">= 10.x"
      }
    },
    "node_modules/xtend": {
      "version": "4.0.2",
      "resolved": "https://registry.npmjs.org/xtend/-/xtend-4.0.2.tgz",
      "integrity": "sha512-LKYU1iAXJXUgAXn9URjiu+MWhyUXHsvfp7mcuYm9dSUKK0/CjtrUwFAxD82/mCWbtLsGjFIad0wIsod4zrTAEQ==",
      "license": "MIT",
      "engines": {
        "node": ">=0.4"
      }
    }
  }
}
